
Microsoft Visual Studio Solution File, Format Version 12.00
# Visual Studio Version 16
VisualStudioVersion = 16.0.29519.87
MinimumVisualStudioVersion = 10.0.40219.1
Project("{FAE04EC0-301F-11D3-BF4B-00C04F79EFBC}") = "MarineDataSheet", "MarineDataSheet\MarineDataSheet.csproj", "{F760CD81-B9C2-4091-8122-E155383B1B42}"
EndProject
Global
	GlobalSection(SolutionConfigurationPlatforms) = preSolution
		Debug|Any CPU = Debug|Any CPU
		Release|Any CPU = Release|Any CPU
	EndGlobalSection
	GlobalSection(ProjectConfigurationPlatforms) = postSolution
		{F760CD81-B9C2-4091-8122-E155383B1B42}.Debug|Any CPU.ActiveCfg = Debug|Any CPU
		{F760CD81-B9C2-4091-8122-E155383B1B42}.Debug|Any CPU.Build.0 = Debug|Any CPU
		{F760CD81-B9C2-4091-8122-E155383B1B42}.Release|Any CPU.ActiveCfg = Release|Any CPU
		{F760CD81-B9C2-4091-8122-E155383B1B42}.Release|Any CPU.Build.0 = Release|Any CPU
	EndGlobalSection
	GlobalSection(SolutionProperties) = preSolution
		HideSolutionNode = FALSE
	EndGlobalSection
	GlobalSection(ExtensibilityGlobals) = postSolution
		SolutionGuid = {E07FAFDE-D975-4325-AF1B-740CB0C9F129}
	EndGlobalSection
EndGlobal
